
Microsoft Visual Studio Solution File, Format Version 12.00
# Visual Studio Version 16
VisualStudioVersion = 16.0.30420.98
MinimumVisualStudioVersion = 10.0.40219.1
Project("{9A19103F-16F7-4668-BE54-9A1E7A4F7556}") = "SwitcherServer", "App\SwitcherServer.csproj", "{0C90E95C-CAAF-436D-A856-D750564CAA41}"
EndProject
Project("{9A19103F-16F7-4668-BE54-9A1E7A4F7556}") = "SwitcherServerTests", "Test\SwitcherServerTests.csproj", "{77B5881F-EF3D-4790-9765-6CFDF293AA2C}"
EndProject
Global
	GlobalSection(SolutionConfigurationPlatforms) = preSolution
		Debug|Any CPU = Debug|Any CPU
		Release|Any CPU = Release|Any CPU
	EndGlobalSection
	GlobalSection(ProjectConfigurationPlatforms) = postSolution
		{0C90E95C-CAAF-436D-A856-D750564CAA41}.Debug|Any CPU.ActiveCfg = Debug|Any CPU
		{0C90E95C-CAAF-436D-A856-D750564CAA41}.Debug|Any CPU.Build.0 = Debug|Any CPU
		{0C90E95C-CAAF-436D-A856-D750564CAA41}.Release|Any CPU.ActiveCfg = Release|Any CPU
		{0C90E95C-CAAF-436D-A856-D750564CAA41}.Release|Any CPU.Build.0 = Release|Any CPU
		{77B5881F-EF3D-4790-9765-6CFDF293AA2C}.Debug|Any CPU.ActiveCfg = Debug|Any CPU
		{77B5881F-EF3D-4790-9765-6CFDF293AA2C}.Debug|Any CPU.Build.0 = Debug|Any CPU
		{77B5881F-EF3D-4790-9765-6CFDF293AA2C}.Release|Any CPU.ActiveCfg = Release|Any CPU
		{77B5881F-EF3D-4790-9765-6CFDF293AA2C}.Release|Any CPU.Build.0 = Release|Any CPU
	EndGlobalSection
	GlobalSection(SolutionProperties) = preSolution
		HideSolutionNode = FALSE
	EndGlobalSection
	GlobalSection(ExtensibilityGlobals) = postSolution
		SolutionGuid = {891E9B7C-5401-4E4D-9023-A9D26D81EE17}
	EndGlobalSection
EndGlobal
